
Microsoft Visual Studio Solution File, Format Version 12.00
# Visual Studio Version 17
VisualStudioVersion = 17.8.34227.203
MinimumVisualStudioVersion = 10.0.40219.1
Project("{FAE04EC0-301F-11D3-BF4B-00C04F79EFBC}") = "ChildToParentCommunication", "ChildToParentCommunication\ChildToParentCommunication.csproj", "{7083BE0D-672F-47CE-8886-21802248C394}"
EndProject
Global
	GlobalSection(SolutionConfigurationPlatforms) = preSolution
		Debug|Any CPU = Debug|Any CPU
		Release|Any CPU = Release|Any CPU
	EndGlobalSection
	GlobalSection(ProjectConfigurationPlatforms) = postSolution
		{7083BE0D-672F-47CE-8886-21802248C394}.Debug|Any CPU.ActiveCfg = Debug|Any CPU
		{7083BE0D-672F-47CE-8886-21802248C394}.Debug|Any CPU.Build.0 = Debug|Any CPU
		{7083BE0D-672F-47CE-8886-21802248C394}.Release|Any CPU.ActiveCfg = Release|Any CPU
		{7083BE0D-672F-47CE-8886-21802248C394}.Release|Any CPU.Build.0 = Release|Any CPU
	EndGlobalSection
	GlobalSection(SolutionProperties) = preSolution
		HideSolutionNode = FALSE
	EndGlobalSection
	GlobalSection(ExtensibilityGlobals) = postSolution
		SolutionGuid = {7227F545-C581-46AA-A9DF-3BD09F671E7C}
	EndGlobalSection
EndGlobal
